// !$*UTF8*$!
{
	archiveVersion = 1;
	classes = {
	};
	objectVersion = 50;
	objects = {

/* Begin PBXBuildFile section */
		732A724C23994D4400A3D6E8 /* AppDelegate.swift in Sources */ = {isa = PBXBuildFile; fileRef = 732A724B23994D4400A3D6E8 /* AppDelegate.swift */; };
		732A724E23994D4400A3D6E8 /* SceneDelegate.swift in Sources */ = {isa = PBXBuildFile; fileRef = 732A724D23994D4400A3D6E8 /* SceneDelegate.swift */; };
		732A725023994D4400A3D6E8 /* ViewController.swift in Sources */ = {isa = PBXBuildFile; fileRef = 732A724F23994D4400A3D6E8 /* ViewController.swift */; };
		732A725323994D4400A3D6E8 /* Main.storyboard in Resources */ = {isa = PBXBuildFile; fileRef = 732A725123994D4400A3D6E8 /* Main.storyboard */; };
		732A725623994D4400A3D6E8 /* Bournemouth_WW2_V2.xcdatamodeld in Sources */ = {isa = PBXBuildFile; fileRef = 732A725423994D4400A3D6E8 /* Bournemouth_WW2_V2.xcdatamodeld */; };
		732A725823994D4500A3D6E8 /* Assets.xcassets in Resources */ = {isa = PBXBuildFile; fileRef = 732A725723994D4500A3D6E8 /* Assets.xcassets */; };
		732A725B23994D4500A3D6E8 /* LaunchScreen.storyboard in Resources */ = {isa = PBXBuildFile; fileRef = 732A725923994D4500A3D6E8 /* LaunchScreen.storyboard */; };
		732A72632399504400A3D6E8 /* ViewController2.swift in Sources */ = {isa = PBXBuildFile; fileRef = 732A72622399504400A3D6E8 /* ViewController2.swift */; };
		732A7265239957E100A3D6E8 /* MapKit.swift in Sources */ = {isa = PBXBuildFile; fileRef = 732A7264239957E100A3D6E8 /* MapKit.swift */; };
/* End PBXBuildFile section */

/* Begin PBXFileReference section */
		732A724823994D4400A3D6E8 /* Bournemouth WW2 V2.app */ = {isa = PBXFileReference; explicitFileType = wrapper.application; includeInIndex = 0; path = "Bournemouth WW2 V2.app"; sourceTree = BUILT_PRODUCTS_DIR; };
		732A724B23994D4400A3D6E8 /* AppDelegate.swift */ = {isa = PBXFileReference; lastKnownFileType = sourcecode.swift; path = AppDelegate.swift; sourceTree = "<group>"; };
		732A724D23994D4400A3D6E8 /* SceneDelegate.swift */ = {isa = PBXFileReference; lastKnownFileType = sourcecode.swift; path = SceneDelegate.swift; sourceTree = "<group>"; };
		732A724F23994D4400A3D6E8 /* ViewController.swift */ = {isa = PBXFileReference; lastKnownFileType = sourcecode.swift; path = ViewController.swift; sourceTree = "<group>"; };
		732A725223994D4400A3D6E8 /* Base */ = {isa = PBXFileReference; lastKnownFileType = file.storyboard; name = Base; path = Base.lproj/Main.storyboard; sourceTree = "<group>"; };
		732A725523994D4400A3D6E8 /* Bournemouth_WW2_V2.xcdatamodel */ = {isa = PBXFileReference; lastKnownFileType = wrapper.xcdatamodel; path = Bournemouth_WW2_V2.xcdatamodel; sourceTree = "<group>"; };
		732A725723994D4500A3D6E8 /* Assets.xcassets */ = {isa = PBXFileReference; lastKnownFileType = folder.assetcatalog; path = Assets.xcassets; sourceTree = "<group>"; };
		732A725A23994D4500A3D6E8 /* Base */ = {isa = PBXFileReference; lastKnownFileType = file.storyboard; name = Base; path = Base.lproj/LaunchScreen.storyboard; sourceTree = "<group>"; };
		732A725C23994D4500A3D6E8 /* Info.plist */ = {isa = PBXFileReference; lastKnownFileType = text.plist.xml; path = Info.plist; sourceTree = "<group>"; };
		732A72622399504400A3D6E8 /* ViewController2.swift */ = {isa = PBXFileReference; lastKnownFileType = sourcecode.swift; path = ViewController2.swift; sourceTree = "<group>"; };
		732A7264239957E100A3D6E8 /* MapKit.swift */ = {isa = PBXFileReference; lastKnownFileType = sourcecode.swift; path = MapKit.swift; sourceTree = "<group>"; };
/* End PBXFileReference section */

/* Begin PBXFrameworksBuildPhase section */
		732A724523994D4400A3D6E8 /* Frameworks */ = {
			isa = PBXFrameworksBuildPhase;
			buildActionMask = 2147483647;
			files = (
			);
			runOnlyForDeploymentPostprocessing = 0;
		};
/* End PBXFrameworksBuildPhase section */

/* Begin PBXGroup section */
		732A723F23994D4400A3D6E8 = {
			isa = PBXGroup;
			children = (
				732A724A23994D4400A3D6E8 /* Bournemouth WW2 V2 */,
				732A724923994D4400A3D6E8 /* Products */,
			);
			sourceTree = "<group>";
		};
		732A724923994D4400A3D6E8 /* Products */ = {
			isa = PBXGroup;
			children = (
				732A724823994D4400A3D6E8 /* Bournemouth WW2 V2.app */,
			);
			name = Products;
			sourceTree = "<group>";
		};
		732A724A23994D4400A3D6E8 /* Bournemouth WW2 V2 */ = {
			isa = PBXGroup;
			children = (
				732A724B23994D4400A3D6E8 /* AppDelegate.swift */,
				732A724D23994D4400A3D6E8 /* SceneDelegate.swift */,
				732A724F23994D4400A3D6E8 /* ViewController.swift */,
				732A72622399504400A3D6E8 /* ViewController2.swift */,
				732A7264239957E100A3D6E8 /* MapKit.swift */,
				732A725123994D4400A3D6E8 /* Main.storyboard */,
				732A725723994D4500A3D6E8 /* Assets.xcassets */,
				732A725923994D4500A3D6E8 /* LaunchScreen.storyboard */,
				732A725C23994D4500A3D6E8 /* Info.plist */,
				732A725423994D4400A3D6E8 /* Bournemouth_WW2_V2.xcdatamodeld */,
			);
			path = "Bournemouth WW2 V2";
			sourceTree = "<group>";
		};
/* End PBXGroup section */

/* Begin PBXNativeTarget section */
		732A724723994D4400A3D6E8 /* Bournemouth WW2 V2 */ = {
			isa = PBXNativeTarget;
			buildConfigurationList = 732A725F23994D4500A3D6E8 /* Build configuration list for PBXNativeTarget "Bournemouth WW2 V2" */;
			buildPhases = (
				732A724423994D4400A3D6E8 /* Sources */,
				732A724523994D4400A3D6E8 /* Frameworks */,
				732A724623994D4400A3D6E8 /* Resources */,
			);
			buildRules = (
			);
			dependencies = (
			);
			name = "Bournemouth WW2 V2";
			productName = "Bournemouth WW2 V2";
			productReference = 732A724823994D4400A3D6E8 /* Bournemouth WW2 V2.app */;
			productType = "com.apple.product-type.application";
		};
/* End PBXNativeTarget section */

/* Begin PBXProject section */
		732A724023994D4400A3D6E8 /* Project object */ = {
			isa = PBXProject;
			attributes = {
				LastSwiftUpdateCheck = 1100;
				LastUpgradeCheck = 1100;
				ORGANIZATIONNAME = "Leonardo Grieco (s5110005)";
				TargetAttributes = {
					732A724723994D4400A3D6E8 = {
						CreatedOnToolsVersion = 11.0;
					};
				};
			};
			buildConfigurationList = 732A724323994D4400A3D6E8 /* Build configuration list for PBXProject "Bournemouth WW2 V2" */;
			compatibilityVersion = "Xcode 9.3";
			developmentRegion = en;
			hasScannedForEncodings = 0;
			knownRegions = (
				en,
				Base,
			);
			mainGroup = 732A723F23994D4400A3D6E8;
			productRefGroup = 732A724923994D4400A3D6E8 /* Products */;
			projectDirPath = "";
			projectRoot = "";
			targets = (
				732A724723994D4400A3D6E8 /* Bournemouth WW2 V2 */,
			);
		};
/* End PBXProject section */

/* Begin PBXResourcesBuildPhase section */
		732A724623994D4400A3D6E8 /* Resources */ = {
			isa = PBXResourcesBuildPhase;
			buildActionMask = 2147483647;
			files = (
				732A725B23994D4500A3D6E8 /* LaunchScreen.storyboard in Resources */,
				732A725823994D4500A3D6E8 /* Assets.xcassets in Resources */,
				732A725323994D4400A3D6E8 /* Main.storyboard in Resources */,
			);
			runOnlyForDeploymentPostprocessing = 0;
		};
/* End PBXResourcesBuildPhase section */

/* Begin PBXSourcesBuildPhase section */
		732A724423994D4400A3D6E8 /* Sources */ = {
			isa = PBXSourcesBuildPhase;
			buildActionMask = 2147483647;
			files = (
				732A72632399504400A3D6E8 /* ViewController2.swift in Sources */,
				732A725023994D4400A3D6E8 /* ViewController.swift in Sources */,
				732A725623994D4400A3D6E8 /* Bournemouth_WW2_V2.xcdatamodeld in Sources */,
				732A724C23994D4400A3D6E8 /* AppDelegate.swift in Sources */,
				732A724E23994D4400A3D6E8 /* SceneDelegate.swift in Sources */,
				732A7265239957E100A3D6E8 /* MapKit.swift in Sources */,
			);
			runOnlyForDeploymentPostprocessing = 0;
		};
/* End PBXSourcesBuildPhase section */

/* Begin PBXVariantGroup section */
		732A725123994D4400A3D6E8 /* Main.storyboard */ = {
			isa = PBXVariantGroup;
			children = (
				732A725223994D4400A3D6E8 /* Base */,
			);
			name = Main.storyboard;
			sourceTree = "<group>";
		};
		732A725923994D4500A3D6E8 /* LaunchScreen.storyboard */ = {
			isa = PBXVariantGroup;
			children = (
				732A725A23994D4500A3D6E8 /* Base */,
			);
			name = LaunchScreen.storyboard;
			sourceTree = "<group>";
		};
/* End PBXVariantGroup section */

/* Begin XCBuildConfiguration section */
		732A725D23994D4500A3D6E8 /* Debug */ = {
			isa = XCBuildConfiguration;
			buildSettings = {
				ALWAYS_SEARCH_USER_PATHS = NO;
				CLANG_ANALYZER_NONNULL = YES;
				CLANG_ANALYZER_NUMBER_OBJECT_CONVERSION = YES_AGGRESSIVE;
				CLANG_CXX_LANGUAGE_STANDARD = "gnu++14";
				CLANG_CXX_LIBRARY = "libc++";
				CLANG_ENABLE_MODULES = YES;
				CLANG_ENABLE_OBJC_ARC = YES;
				CLANG_ENABLE_OBJC_WEAK = YES;
				CLANG_WARN_BLOCK_CAPTURE_AUTORELEASING = YES;
				CLANG_WARN_BOOL_CONVERSION = YES;
				CLANG_WARN_COMMA = YES;
				CLANG_WARN_CONSTANT_CONVERSION = YES;
				CLANG_WARN_DEPRECATED_OBJC_IMPLEMENTATIONS = YES;
				CLANG_WARN_DIRECT_OBJC_ISA_USAGE = YES_ERROR;
				CLANG_WARN_DOCUMENTATION_COMMENTS = YES;
				CLANG_WARN_EMPTY_BODY = YES;
				CLANG_WARN_ENUM_CONVERSION = YES;
				CLANG_WARN_INFINITE_RECURSION = YES;
				CLANG_WARN_INT_CONVERSION = YES;
				CLANG_WARN_NON_LITERAL_NULL_CONVERSION = YES;
				CLANG_WARN_OBJC_IMPLICIT_RETAIN_SELF = YES;
				CLANG_WARN_OBJC_LITERAL_CONVERSION = YES;
				CLANG_WARN_OBJC_ROOT_CLASS = YES_ERROR;
				CLANG_WARN_RANGE_LOOP_ANALYSIS = YES;
				CLANG_WARN_STRICT_PROTOTYPES = YES;
				CLANG_WARN_SUSPICIOUS_MOVE = YES;
				CLANG_WARN_UNGUARDED_AVAILABILITY = YES_AGGRESSIVE;
				CLANG_WARN_UNREACHABLE_CODE = YES;
				CLANG_WARN__DUPLICATE_METHOD_MATCH = YES;
				COPY_PHASE_STRIP = NO;
				DEBUG_INFORMATION_FORMAT = dwarf;
				ENABLE_STRICT_OBJC_MSGSEND = YES;
				ENABLE_TESTABILITY = YES;
				GCC_C_LANGUAGE_STANDARD = gnu11;
				GCC_DYNAMIC_NO_PIC = NO;
				GCC_NO_COMMON_BLOCKS = YES;
				GCC_OPTIMIZATION_LEVEL = 0;
				GCC_PREPROCESSOR_DEFINITIONS = (
					"DEBUG=1",
					"$(inherited)",
				);
				GCC_WARN_64_TO_32_BIT_CONVERSION = YES;
				GCC_WARN_ABOUT_RETURN_TYPE = YES_ERROR;
				GCC_WARN_UNDECLARED_SELECTOR = YES;
				GCC_WARN_UNINITIALIZED_AUTOS = YES_AGGRESSIVE;
				GCC_WARN_UNUSED_FUNCTION = YES;
				GCC_WARN_UNUSED_VARIABLE = YES;
				IPHONEOS_DEPLOYMENT_TARGET = 13.0;
				MTL_ENABLE_DEBUG_INFO = INCLUDE_SOURCE;
				MTL_FAST_MATH = YES;
				ONLY_ACTIVE_ARCH = YES;
				SDKROOT = iphoneos;
				SWIFT_ACTIVE_COMPILATION_CONDITIONS = DEBUG;
				SWIFT_OPTIMIZATION_LEVEL = "-Onone";
			};
			name = Debug;
		};
		732A725E23994D4500A3D6E8 /* Release */ = {
			isa = XCBuildConfiguration;
			buildSettings = {
				ALWAYS_SEARCH_USER_PATHS = NO;
				CLANG_ANALYZER_NONNULL = YES;
				CLANG_ANALYZER_NUMBER_OBJECT_CONVERSION = YES_AGGRESSIVE;
				CLANG_CXX_LANGUAGE_STANDARD = "gnu++14";
				CLANG_CXX_LIBRARY = "libc++";
				CLANG_ENABLE_MODULES = YES;
				CLANG_ENABLE_OBJC_ARC = YES;
				CLANG_ENABLE_OBJC_WEAK = YES;
				CLANG_WARN_BLOCK_CAPTURE_AUTORELEASING = YES;
				CLANG_WARN_BOOL_CONVERSION = YES;
				CLANG_WARN_COMMA = YES;
				CLANG_WARN_CONSTANT_CONVERSION = YES;
				CLANG_WARN_DEPRECATED_OBJC_IMPLEMENTATIONS = YES;
				CLANG_WARN_DIRECT_OBJC_ISA_USAGE = YES_ERROR;
				CLANG_WARN_DOCUMENTATION_COMMENTS = YES;
				CLANG_WARN_EMPTY_BODY = YES;
				CLANG_WARN_ENUM_CONVERSION = YES;
				CLANG_WARN_INFINITE_RECURSION = YES;
				CLANG_WARN_INT_CONVERSION = YES;
				CLANG_WARN_NON_LITERAL_NULL_CONVERSION = YES;
				CLANG_WARN_OBJC_IMPLICIT_RETAIN_SELF = YES;
				CLANG_WARN_OBJC_LITERAL_CONVERSION = YES;
				CLANG_WARN_OBJC_ROOT_CLASS = YES_ERROR;
				CLANG_WARN_RANGE_LOOP_ANALYSIS = YES;
				CLANG_WARN_STRICT_PROTOTYPES = YES;
				CLANG_WARN_SUSPICIOUS_MOVE = YES;
				CLANG_WARN_UNGUARDED_AVAILABILITY = YES_AGGRESSIVE;
				CLANG_WARN_UNREACHABLE_CODE = YES;
				CLANG_WARN__DUPLICATE_METHOD_MATCH = YES;
				COPY_PHASE_STRIP = NO;
				DEBUG_INFORMATION_FORMAT = "dwarf-with-dsym";
				ENABLE_NS_ASSERTIONS = NO;
				ENABLE_STRICT_OBJC_MSGSEND = YES;
				GCC_C_LANGUAGE_STANDARD = gnu11;
				GCC_NO_COMMON_BLOCKS = YES;
				GCC_WARN_64_TO_32_BIT_CONVERSION = YES;
				GCC_WARN_ABOUT_RETURN_TYPE = YES_ERROR;
				GCC_WARN_UNDECLARED_SELECTOR = YES;
				GCC_WARN_UNINITIALIZED_AUTOS = YES_AGGRESSIVE;
				GCC_WARN_UNUSED_FUNCTION = YES;
				GCC_WARN_UNUSED_VARIABLE = YES;
				IPHONEOS_DEPLOYMENT_TARGET = 13.0;
				MTL_ENABLE_DEBUG_INFO = NO;
				MTL_FAST_MATH = YES;
				SDKROOT = iphoneos;
				SWIFT_COMPILATION_MODE = wholemodule;
				SWIFT_OPTIMIZATION_LEVEL = "-O";
				VALIDATE_PRODUCT = YES;
			};
			name = Release;
		};
		732A726023994D4500A3D6E8 /* Debug */ = {
			isa = XCBuildConfiguration;
			buildSettings = {
				ASSETCATALOG_COMPILER_APPICON_NAME = AppIcon;
				CODE_SIGN_STYLE = Automatic;
				INFOPLIST_FILE = "Bournemouth WW2 V2/Info.plist";
				LD_RUNPATH_SEARCH_PATHS = (
					"$(inherited)",
					"@executable_path/Frameworks",
				);
				PRODUCT_BUNDLE_IDENTIFIER = "LG.Bournemouth-WW2-V2";
				PRODUCT_NAME = "$(TARGET_NAME)";
				SWIFT_VERSION = 5.0;
				TARGETED_DEVICE_FAMILY = "1,2";
			};
			name = Debug;
		};
		732A726123994D4500A3D6E8 /* Release */ = {
			isa = XCBuildConfiguration;
			buildSettings = {
				ASSETCATALOG_COMPILER_APPICON_NAME = AppIcon;
				CODE_SIGN_STYLE = Automatic;
				INFOPLIST_FILE = "Bournemouth WW2 V2/Info.plist";
				LD_RUNPATH_SEARCH_PATHS = (
					"$(inherited)",
					"@executable_path/Frameworks",
				);
				PRODUCT_BUNDLE_IDENTIFIER = "LG.Bournemouth-WW2-V2";
				PRODUCT_NAME = "$(TARGET_NAME)";
				SWIFT_VERSION = 5.0;
				TARGETED_DEVICE_FAMILY = "1,2";
			};
			name = Release;
		};
/* End XCBuildConfiguration section */

/* Begin XCConfigurationList section */
		732A724323994D4400A3D6E8 /* Build configuration list for PBXProject "Bournemouth WW2 V2" */ = {
			isa = XCConfigurationList;
			buildConfigurations = (
				732A725D23994D4500A3D6E8 /* Debug */,
				732A725E23994D4500A3D6E8 /* Release */,
			);
			defaultConfigurationIsVisible = 0;
			defaultConfigurationName = Release;
		};
		732A725F23994D4500A3D6E8 /* Build configuration list for PBXNativeTarget "Bournemouth WW2 V2" */ = {
			isa = XCConfigurationList;
			buildConfigurations = (
				732A726023994D4500A3D6E8 /* Debug */,
				732A726123994D4500A3D6E8 /* Release */,
			);
			defaultConfigurationIsVisible = 0;
			defaultConfigurationName = Release;
		};
/* End XCConfigurationList section */

/* Begin XCVersionGroup section */
		732A725423994D4400A3D6E8 /* Bournemouth_WW2_V2.xcdatamodeld */ = {
			isa = XCVersionGroup;
			children = (
				732A725523994D4400A3D6E8 /* Bournemouth_WW2_V2.xcdatamodel */,
			);
			currentVersion = 732A725523994D4400A3D6E8 /* Bournemouth_WW2_V2.xcdatamodel */;
			path = Bournemouth_WW2_V2.xcdatamodeld;
			sourceTree = "<group>";
			versionGroupType = wrapper.xcdatamodel;
		};
/* End XCVersionGroup section */
	};
	rootObject = 732A724023994D4400A3D6E8 /* Project object */;
}
